# This file was autogenerated by Stack.
# You should not edit this file by hand.
# For more information, please see the documentation at:
#   https://docs.haskellstack.org/en/stable/lock_files

packages:
- completed:
    hackage: Cabal-3.4.0.0@sha256:74ca2bc93297dc20b291c8dc721055278aa4a7942b0b5aca86766d407e3cbe5f,30533
    pantry-tree:
      size: 45845
      sha256: b378b1f4a94f2911e9774c67e16859d7deae1ee1bad787cf790443e1f031388f
  original:
    hackage: Cabal-3.4.0.0@sha256:74ca2bc93297dc20b291c8dc721055278aa4a7942b0b5aca86766d407e3cbe5f,30533
- completed:
    hackage: QuickCheck-2.13.2@sha256:636e7265bf75122e7e2f97627c47aad3b772ee3b35b134cafb6095116ce8d07a,6974
    pantry-tree:
      size: 2202
      sha256: b917f922fc59d98d47b789f50c5a569d1b80ae08d52f4fbebbaad7fc62479e0d
  original:
    hackage: QuickCheck-2.13.2@sha256:636e7265bf75122e7e2f97627c47aad3b772ee3b35b134cafb6095116ce8d07a,6974
- completed:
    hackage: StateVar-1.2.1@sha256:b8bea664120dc78f5c15d9b8c0947d51dbc58a0b63ee49971fa7caac9f3e0845,1642
    pantry-tree:
      size: 314
      sha256: a754fbce030016de2534e05dd6abb987daf46e2d5e34f11ea200854869220cfc
  original:
    hackage: StateVar-1.2.1@sha256:b8bea664120dc78f5c15d9b8c0947d51dbc58a0b63ee49971fa7caac9f3e0845,1642
- completed:
    hackage: aeson-1.4.7.1@sha256:6d8d2fd959b7122a1df9389cf4eca30420a053d67289f92cdc0dbc0dab3530ba,7098
    pantry-tree:
      size: 40133
      sha256: caa9306e519c601ab0170d113daa03c1163db53e5466be2968bbd61a771bebcb
  original:
    hackage: aeson-1.4.7.1@sha256:6d8d2fd959b7122a1df9389cf4eca30420a053d67289f92cdc0dbc0dab3530ba,7098
- completed:
    hackage: assoc-1.0.2@sha256:a824e4f615469a27ad949dbf4907ba258bd6b459deebec00524c7bcb3f65cc9f,1205
    pantry-tree:
      size: 290
      sha256: 0f909dd8aecabf2eab787a14e679083056abf14f97ed473ba642dac031dffc9f
  original:
    hackage: assoc-1.0.2@sha256:a824e4f615469a27ad949dbf4907ba258bd6b459deebec00524c7bcb3f65cc9f,1205
- completed:
    hackage: attoparsec-0.13.2.5@sha256:7c88195c3f3243c6abe356c1bc872cf40818a8c7b0e261a8f8e6868fe42819a0,6171
    pantry-tree:
      size: 5305
      sha256: d41e1aa0534387e0b2f25ed2e79cae445ec65a442ca1ae1062b3c2acbd4cd6c2
  original:
    hackage: attoparsec-0.13.2.5@sha256:7c88195c3f3243c6abe356c1bc872cf40818a8c7b0e261a8f8e6868fe42819a0,6171
- completed:
    hackage: base-compat-0.11.2@sha256:f95374022a56e8c74a289e2b70ec50a1365f58b5f1f50f5c7f0fc14edf88f30e,7230
    pantry-tree:
      size: 8766
      sha256: a086220241249f89a69189cc09bade06a4c2bf8e71ccce4a57ea5114392a6fd5
  original:
    hackage: base-compat-0.11.2@sha256:f95374022a56e8c74a289e2b70ec50a1365f58b5f1f50f5c7f0fc14edf88f30e,7230
- completed:
    hackage: base-compat-batteries-0.11.2@sha256:eb3b976007754ddc16e8d4afacdd1e575ae746edb57dcd0a1a728ccd4b372a69,8804
    pantry-tree:
      size: 10877
      sha256: d0377131f915a089a2d723d9c4ed040a810fc738b51fb7e78b74083527ee5d60
  original:
    hackage: base-compat-batteries-0.11.2@sha256:eb3b976007754ddc16e8d4afacdd1e575ae746edb57dcd0a1a728ccd4b372a69,8804
- completed:
    hackage: base-orphans-0.8.4@sha256:9a70dc95761ab9a9d49a038a4599b7b7945d486d80ed1678f347445bc336f3e0,3149
    pantry-tree:
      size: 1272
      sha256: a0bef7fa45e025ba23bf18d11240abc02cf82a4b9c087833af719d19427fe799
  original:
    hackage: base-orphans-0.8.4@sha256:9a70dc95761ab9a9d49a038a4599b7b7945d486d80ed1678f347445bc336f3e0,3149
- completed:
    hackage: bifunctors-5.5.10@sha256:52ae8b959de7bb2d5ec38750b9bc2782c90b5bf48805d635eb6ac0cfeb5b1bd6,3738
    pantry-tree:
      size: 1758
      sha256: 02af9a75e05e866c3309004db7ec72f587ea4fe421aeeb65a42bd391f7e95d8d
  original:
    hackage: bifunctors-5.5.10@sha256:52ae8b959de7bb2d5ec38750b9bc2782c90b5bf48805d635eb6ac0cfeb5b1bd6,3738
- completed:
    hackage: comonad-5.0.8@sha256:a3a140be7a21d6ba16bf9102bf4c79455ff3213679311587bac45ba0723c8d7a,3492
    pantry-tree:
      size: 1618
      sha256: c448878c6b55dece92a8f76566f13dff9fafe46fe911598f1353ae7b55153f41
  original:
    hackage: comonad-5.0.8@sha256:a3a140be7a21d6ba16bf9102bf4c79455ff3213679311587bac45ba0723c8d7a,3492
- completed:
    hackage: contravariant-1.5.3@sha256:e59a7742e725f94fc6578e3593cd3f6d4e3d46a9510c3a782e5fe5e5f238e3ce,3013
    pantry-tree:
      size: 652
      sha256: 7a77163cd7064649944f0fe93c0f0550f6a8979c83df2ec4c7c6c96e6d895c3d
  original:
    hackage: contravariant-1.5.3@sha256:e59a7742e725f94fc6578e3593cd3f6d4e3d46a9510c3a782e5fe5e5f238e3ce,3013
- completed:
    hackage: data-fix-0.3.1@sha256:7aee2c0633632479cef93c8000befd5bc950ba7c329d69e918ca520944164e27,1645
    pantry-tree:
      size: 261
      sha256: 8802b0b00dfbbd8526aec56d31f8dd7193b0af4f694144958c3ab08dd1f60f78
  original:
    hackage: data-fix-0.3.1@sha256:7aee2c0633632479cef93c8000befd5bc950ba7c329d69e918ca520944164e27,1645
- completed:
    hackage: distributive-0.6.2.1@sha256:2823eff05c6b093492efe804027e7cf82757221f934964c76106ac3248899b89,2874
    pantry-tree:
      size: 735
      sha256: bf97136853fad2c7e4f8800248ace71be3a125aa262313626f6cc6708634f57a
  original:
    hackage: distributive-0.6.2.1@sha256:2823eff05c6b093492efe804027e7cf82757221f934964c76106ac3248899b89,2874
- completed:
    hackage: dlist-0.8.0.8@sha256:90ca348bffdc62d7070bcf0e97c728f8d01b24fbc7ea08d2909157d0da76534c,2066
    pantry-tree:
      size: 426
      sha256: 1b5b9142a932f15c77f758f92f90bea6c805c42d4c62f7a697e8e4f6cf1ad6e6
  original:
    hackage: dlist-0.8.0.8@sha256:90ca348bffdc62d7070bcf0e97c728f8d01b24fbc7ea08d2909157d0da76534c,2066
- completed:
    hackage: hashable-1.3.1.0@sha256:d965e098e06cc585b201da6137dcb31c40f35eb7a937b833903969447985c076,3784
    pantry-tree:
      size: 937
      sha256: 8ea12ecf91a4d6fd1f1f885faec1b3eeb4baa0db27ccff49072cfdd0c15833ba
  original:
    hackage: hashable-1.3.1.0@sha256:d965e098e06cc585b201da6137dcb31c40f35eb7a937b833903969447985c076,3784
- completed:
    hackage: indexed-traversable-0.1.1@sha256:e330ec1ab336ee2fb1eff117ebe3480d1663396fecd981f185b7123dc7941ae1,2469
    pantry-tree:
      size: 495
      sha256: 52d8bab517f47381ad864f636c89c5d23bc862c28d7bd826f930975c3c37a228
  original:
    hackage: indexed-traversable-0.1.1@sha256:e330ec1ab336ee2fb1eff117ebe3480d1663396fecd981f185b7123dc7941ae1,2469
- completed:
    hackage: integer-logarithms-1.0.3.1@sha256:888fb6c4fbd79ed2e8f8b94b61bccac25f7fab2b13b32b496e86828bc60b17cf,3184
    pantry-tree:
      size: 865
      sha256: 2acf4af718486ea69edd023edd333f836fdd52a07e2211677b5bf22d78da41db
  original:
    hackage: integer-logarithms-1.0.3.1@sha256:888fb6c4fbd79ed2e8f8b94b61bccac25f7fab2b13b32b496e86828bc60b17cf,3184
- completed:
    hackage: mtl-2.2.2@sha256:1050fb71acd9f5d67da7d992583f5bd0eb14407b9dc7acc122af1b738b706ca3,2261
    pantry-tree:
      size: 1713
      sha256: b8bdc2259e2f943a7252fb164805666fe108ac959d398e0af27b43ba2ebc241c
  original:
    hackage: mtl-2.2.2@sha256:1050fb71acd9f5d67da7d992583f5bd0eb14407b9dc7acc122af1b738b706ca3,2261
- completed:
    hackage: pandoc-types-1.22.2.1@sha256:b66c1d501537f99b3627aeed1f35b40ca075306b7c35d16fa9a49c9ccebefe5f,4130
    pantry-tree:
      size: 737
      sha256: cbb0b8100d99570847b09f22ca9857797cb5accdb019600665540128cdf8cf57
  original:
    hackage: pandoc-types-1.22.2.1@sha256:b66c1d501537f99b3627aeed1f35b40ca075306b7c35d16fa9a49c9ccebefe5f,4130
- completed:
    hackage: parsec-3.1.14.0@sha256:72d5c57e6e126adaa781ab97b19dc76f68490c0a3d88f14038219994cabe94e1,4356
    pantry-tree:
      size: 2574
      sha256: 495a86688c6e89faf38b8804cc4c9216709e9a6a93cf56c2f07d5bef83f09a17
  original:
    hackage: parsec-3.1.14.0@sha256:72d5c57e6e126adaa781ab97b19dc76f68490c0a3d88f14038219994cabe94e1,4356
- completed:
    hackage: primitive-0.7.1.0@sha256:f6357d5720c1c665096c3e011467daf443198b786a708d2ff926958a24d508d4,2728
    pantry-tree:
      size: 1376
      sha256: 23b707600721b68533c0d4a4d4358c60946b39c2030747837ab7285530b6f6f0
  original:
    hackage: primitive-0.7.1.0@sha256:f6357d5720c1c665096c3e011467daf443198b786a708d2ff926958a24d508d4,2728
- completed:
    hackage: random-1.1@sha256:7b67624fd76ddf97c206de0801dc7e888097e9d572974be9b9ea6551d76965df,1777
    pantry-tree:
      size: 637
      sha256: 14a1b01728c5584e87c9fa00746a66e28ffd89dd2c0eabd334c8463953496e1b
  original:
    hackage: random-1.1@sha256:7b67624fd76ddf97c206de0801dc7e888097e9d572974be9b9ea6551d76965df,1777
- completed:
    hackage: regex-base-0.94.0.1@sha256:6e3546b73cd5489201d481aa645a531f2c61aa317984e31c5f379ac0bcbfbfad,2636
    pantry-tree:
      size: 483
      sha256: f6ae0c79bd46b63d7374b023909ee760ac705a81568a54e2ca8b71d0702865ee
  original:
    hackage: regex-base-0.94.0.1@sha256:6e3546b73cd5489201d481aa645a531f2c61aa317984e31c5f379ac0bcbfbfad,2636
- completed:
    hackage: regex-posix-0.96.0.0@sha256:bd870f983a21bb474bd96449736f011c599981ce70da808a21ec1a28292e5481,2861
    pantry-tree:
      size: 748
      sha256: 79d0d45e38130a82e521f8f88333e9e9236165ddd57a2b615a3c462652d1be12
  original:
    hackage: regex-posix-0.96.0.0@sha256:bd870f983a21bb474bd96449736f011c599981ce70da808a21ec1a28292e5481,2861
- completed:
    hackage: scientific-0.3.6.2@sha256:dd49abc76bd8e2b57e7a057dc2bb742a00527b4bf9350f9374be03b5934e55d8,4679
    pantry-tree:
      size: 656
      sha256: d05b22ccd31ad7a4438d9217bf44771ac63c4eeb0acc9c624465044e5894766a
  original:
    hackage: scientific-0.3.6.2@sha256:dd49abc76bd8e2b57e7a057dc2bb742a00527b4bf9350f9374be03b5934e55d8,4679
- completed:
    hackage: splitmix-0.0.5@sha256:4a49661be63f5aea0e132e9ab51be918789bb4dceb4ab9b15b85ba9cbbef5999,5412
    pantry-tree:
      size: 1148
      sha256: b41d4f60cfabab8b02840906191013ee06fe2357371103a471c7cc55eda9e462
  original:
    hackage: splitmix-0.0.5@sha256:4a49661be63f5aea0e132e9ab51be918789bb4dceb4ab9b15b85ba9cbbef5999,5412
- completed:
    hackage: stm-2.5.0.0@sha256:c238075f9f0711cd6a78eab6001b3e218cdaa745d6377bf83cc21e58ceec2ea1,2100
    pantry-tree:
      size: 898
      sha256: 8ef9688d399f931a040d5d316ef8d40efacc14fcb099eba637adb7d00e75ecde
  original:
    hackage: stm-2.5.0.0@sha256:c238075f9f0711cd6a78eab6001b3e218cdaa745d6377bf83cc21e58ceec2ea1,2100
- completed:
    hackage: strict-0.4.0.1@sha256:08cf72ad570fddfe3b3424117bf20a303a1fb21047b40c1d6c8004c0e3e02a0b,4124
    pantry-tree:
      size: 654
      sha256: f490c0ecce59996cdd154e753de05733a3edbb9f65d1b768133e6f79f73de572
  original:
    hackage: strict-0.4.0.1@sha256:08cf72ad570fddfe3b3424117bf20a303a1fb21047b40c1d6c8004c0e3e02a0b,4124
- completed:
    hackage: syb-0.7.2.1@sha256:bf42655a213402215299e435c52f799e76cbec0b984cd7153d6b9af8a1c0803f,3815
    pantry-tree:
      size: 3396
      sha256: 3ee55cc33d69da2953e7093f99199fbc0bfa9d90dccd19cac101d09befa5bbb3
  original:
    hackage: syb-0.7.2.1@sha256:bf42655a213402215299e435c52f799e76cbec0b984cd7153d6b9af8a1c0803f,3815
- completed:
    hackage: tagged-0.8.6.1@sha256:98e446479bd3fe5bdc5fa63fec2a2f6998e1bb8cb6db1dee611716f588b3ab28,2770
    pantry-tree:
      size: 496
      sha256: a700dbb711ac55fbbce6283b371379df6f96c3b5d953ce5015c038d82c2e28f0
  original:
    hackage: tagged-0.8.6.1@sha256:98e446479bd3fe5bdc5fa63fec2a2f6998e1bb8cb6db1dee611716f588b3ab28,2770
- completed:
    hackage: text-1.2.4.1@sha256:e12b468008b3c2bbc1f39bd2dcb75ba8f563c65aa5e54ee223b76463a845b6f1,7184
    pantry-tree:
      size: 7720
      sha256: b1fd81329340a9c6eea4e78313d36c6a333a5de6032ec1536ff6c70a4300b46c
  original:
    hackage: text-1.2.4.1@sha256:e12b468008b3c2bbc1f39bd2dcb75ba8f563c65aa5e54ee223b76463a845b6f1,7184
- completed:
    hackage: text-icu-0.7.0.1@sha256:47904e069f404342b6e4e121d25ddeba5e9fe2e5730ac40d61b293baaaad302a,3200
    pantry-tree:
      size: 2036
      sha256: 0ddbcdb89b947de684c2a77e592270a6e302243dadb619afb6429401491b2782
  original:
    hackage: text-icu-0.7.0.1@sha256:47904e069f404342b6e4e121d25ddeba5e9fe2e5730ac40d61b293baaaad302a,3200
- completed:
    hackage: tf-random-0.5@sha256:14012837d0f0e18fdbbe3d56e67da8622ee5e20b180abce952dd50bd9f36b326,3983
    pantry-tree:
      size: 941
      sha256: d6483580cfea846cbf23ff1d7a67849546d5096425b6d61318a34554043b4ffb
  original:
    hackage: tf-random-0.5@sha256:14012837d0f0e18fdbbe3d56e67da8622ee5e20b180abce952dd50bd9f36b326,3983
- completed:
    hackage: th-abstraction-0.3.2.0@sha256:9b5b4e6e2bbff9b075ad7751ee98e2107090bd17b51d5442695b8990e4db6521,1851
    pantry-tree:
      size: 583
      sha256: 21e260e558db166dc70f3002e7a0d22dd57d0b9e7842dd9de5e2f9f887e1275e
  original:
    hackage: th-abstraction-0.3.2.0@sha256:9b5b4e6e2bbff9b075ad7751ee98e2107090bd17b51d5442695b8990e4db6521,1851
- completed:
    hackage: these-1.1.1.1@sha256:e981c65228db5ae77a043631f74a1e4a4b770f7213866f584e3476b52512f1af,2631
    pantry-tree:
      size: 351
      sha256: f049b5e53b8636fba73497f36244cb8c2f1515ee8a07469335d260258d6f9551
  original:
    hackage: these-1.1.1.1@sha256:e981c65228db5ae77a043631f74a1e4a4b770f7213866f584e3476b52512f1af,2631
- completed:
    hackage: time-compat-1.9.5@sha256:a586bd5a59b47ea0c9eafc55c6936ede11126f4a6e619d6d7aeefee73c43d9b8,4954
    pantry-tree:
      size: 4112
      sha256: 33fae470570e9ddcb5eacd33924c8b2118936fa4b633cd3350d3a53df5b17d54
  original:
    hackage: time-compat-1.9.5@sha256:a586bd5a59b47ea0c9eafc55c6936ede11126f4a6e619d6d7aeefee73c43d9b8,4954
- completed:
    hackage: time-locale-compat-0.1.1.5@sha256:24b10ab3de20f5fc00f0e4f7832ac66dd5597033b78cff3bd6b4505d8a652e5b,1650
    pantry-tree:
      size: 232
      sha256: 2c4839785b65fadedd7943254933c7a53a33c9b9d6c7d795474e0b08019e567e
  original:
    hackage: time-locale-compat-0.1.1.5@sha256:24b10ab3de20f5fc00f0e4f7832ac66dd5597033b78cff3bd6b4505d8a652e5b,1650
- completed:
    hackage: transformers-compat-0.6.6@sha256:510709db2b12d1510d70de824ee544ca0a9e6f27aa7e299218cbacc0750b4a5e,5560
    pantry-tree:
      size: 1777
      sha256: e53f7b8deb576db7baa6e4c13a7c9904cd247f6e4807bd12a058d1527197064e
  original:
    hackage: transformers-compat-0.6.6@sha256:510709db2b12d1510d70de824ee544ca0a9e6f27aa7e299218cbacc0750b4a5e,5560
- completed:
    hackage: type-equality-1@sha256:f2a895a7b22384d9b43a9c6608725b2de7581e77e5b20ab9cfe3f959f6cd71a8,1569
    pantry-tree:
      size: 313
      sha256: 8b8cfe545f3455c6fbd90751e15e6f742ae6be137557ed67bd2d642c07ff712f
  original:
    hackage: type-equality-1@sha256:f2a895a7b22384d9b43a9c6608725b2de7581e77e5b20ab9cfe3f959f6cd71a8,1569
- completed:
    hackage: unordered-containers-0.2.13.0@sha256:6310c636f92ed4908fdd0de582b6be31c2851c7b5f2ec14e9f416eb94df7a078,4978
    pantry-tree:
      size: 1388
      sha256: 0cdd70d603c621e2b184ff7baa232af8a88a01745710b975b97df63e92c700dd
  original:
    hackage: unordered-containers-0.2.13.0@sha256:6310c636f92ed4908fdd0de582b6be31c2851c7b5f2ec14e9f416eb94df7a078,4978
- completed:
    hackage: uuid-types-1.0.4@sha256:34de8cf688e30f668cba5e5d79e907eb7f65bca2538ce927fddb42d74840036b,2433
    pantry-tree:
      size: 480
      sha256: 1b4d8a26ba0790aca64ac35d358beba47304438442840adcbedd3381888ba838
  original:
    hackage: uuid-types-1.0.4@sha256:34de8cf688e30f668cba5e5d79e907eb7f65bca2538ce927fddb42d74840036b,2433
- completed:
    hackage: vector-0.12.2.0@sha256:6e81683c2c19b4aea58f1f453547cb03851b3cfd4031b8eb82abfa4643a13494,7953
    pantry-tree:
      size: 3841
      sha256: 666939d042ad8880bb66f4c00ebe71167354649ed4f1e4ddce99de355921c25e
  original:
    hackage: vector-0.12.2.0@sha256:6e81683c2c19b4aea58f1f453547cb03851b3cfd4031b8eb82abfa4643a13494,7953
snapshots: []
